
Microsoft Visual Studio Solution File, Format Version 12.00
# Visual Studio 15
VisualStudioVersion = 15.0.27703.2035
MinimumVisualStudioVersion = 10.0.40219.1
Project("{9A19103F-16F7-4668-BE54-9A1E7A4F7556}") = "MsDeployReplaceRulesTest", "MsDeployReplaceRulesTest\MsDeployReplaceRulesTest.csproj", "{8BF5386A-B151-458D-B4D6-DB384A765D99}"
EndProject
Global
	GlobalSection(SolutionConfigurationPlatforms) = preSolution
		Debug|Any CPU = Debug|Any CPU
		Release|Any CPU = Release|Any CPU
	EndGlobalSection
	GlobalSection(ProjectConfigurationPlatforms) = postSolution
		{8BF5386A-B151-458D-B4D6-DB384A765D99}.Debug|Any CPU.ActiveCfg = Debug|Any CPU
		{8BF5386A-B151-458D-B4D6-DB384A765D99}.Debug|Any CPU.Build.0 = Debug|Any CPU
		{8BF5386A-B151-458D-B4D6-DB384A765D99}.Release|Any CPU.ActiveCfg = Release|Any CPU
		{8BF5386A-B151-458D-B4D6-DB384A765D99}.Release|Any CPU.Build.0 = Release|Any CPU
	EndGlobalSection
	GlobalSection(SolutionProperties) = preSolution
		HideSolutionNode = FALSE
	EndGlobalSection
	GlobalSection(ExtensibilityGlobals) = postSolution
		SolutionGuid = {572022AB-C823-4425-941C-2DD5D9A851E9}
	EndGlobalSection
EndGlobal
